// !$*UTF8*$!
{
	archiveVersion = 1;
	classes = {
	};
	objectVersion = 50;
	objects = {

/* Begin PBXBuildFile section */
		B0C3A78B20C7BE1A00B27ABF /* AppDelegate.swift in Sources */ = {isa = PBXBuildFile; fileRef = B0C3A78A20C7BE1A00B27ABF /* AppDelegate.swift */; };
		B0C3A78D20C7BE1A00B27ABF /* ViewController.swift in Sources */ = {isa = PBXBuildFile; fileRef = B0C3A78C20C7BE1A00B27ABF /* ViewController.swift */; };
		B0C3A79020C7BE1A00B27ABF /* Main.storyboard in Resources */ = {isa = PBXBuildFile; fileRef = B0C3A78E20C7BE1A00B27ABF /* Main.storyboard */; };
		B0C3A79220C7BE1F00B27ABF /* Assets.xcassets in Resources */ = {isa = PBXBuildFile; fileRef = B0C3A79120C7BE1F00B27ABF /* Assets.xcassets */; };
		B0C3A79520C7BE1F00B27ABF /* LaunchScreen.storyboard in Resources */ = {isa = PBXBuildFile; fileRef = B0C3A79320C7BE1F00B27ABF /* LaunchScreen.storyboard */; };
		B0C3A7A020C7BE2000B27ABF /* CountTests.swift in Sources */ = {isa = PBXBuildFile; fileRef = B0C3A79F20C7BE2000B27ABF /* CountTests.swift */; };
		B0C3A7AB20C7BE2000B27ABF /* CountUITests.swift in Sources */ = {isa = PBXBuildFile; fileRef = B0C3A7AA20C7BE2000B27ABF /* CountUITests.swift */; };
/* End PBXBuildFile section */

/* Begin PBXContainerItemProxy section */
		B0C3A79C20C7BE2000B27ABF /* PBXContainerItemProxy */ = {
			isa = PBXContainerItemProxy;
			containerPortal = B0C3A77F20C7BE1A00B27ABF /* Project object */;
			proxyType = 1;
			remoteGlobalIDString = B0C3A78620C7BE1A00B27ABF;
			remoteInfo = Count;
		};
		B0C3A7A720C7BE2000B27ABF /* PBXContainerItemProxy */ = {
			isa = PBXContainerItemProxy;
			containerPortal = B0C3A77F20C7BE1A00B27ABF /* Project object */;
			proxyType = 1;
			remoteGlobalIDString = B0C3A78620C7BE1A00B27ABF;
			remoteInfo = Count;
		};
/* End PBXContainerItemProxy section */

/* Begin PBXFileReference section */
		B0C3A78720C7BE1A00B27ABF /* Count.app */ = {isa = PBXFileReference; explicitFileType = wrapper.application; includeInIndex = 0; path = Count.app; sourceTree = BUILT_PRODUCTS_DIR; };
		B0C3A78A20C7BE1A00B27ABF /* AppDelegate.swift */ = {isa = PBXFileReference; lastKnownFileType = sourcecode.swift; path = AppDelegate.swift; sourceTree = "<group>"; };
		B0C3A78C20C7BE1A00B27ABF /* ViewController.swift */ = {isa = PBXFileReference; lastKnownFileType = sourcecode.swift; path = ViewController.swift; sourceTree = "<group>"; };
		B0C3A78F20C7BE1A00B27ABF /* Base */ = {isa = PBXFileReference; lastKnownFileType = file.storyboard; name = Base; path = Base.lproj/Main.storyboard; sourceTree = "<group>"; };
		B0C3A79120C7BE1F00B27ABF /* Assets.xcassets */ = {isa = PBXFileReference; lastKnownFileType = folder.assetcatalog; path = Assets.xcassets; sourceTree = "<group>"; };
		B0C3A79420C7BE1F00B27ABF /* Base */ = {isa = PBXFileReference; lastKnownFileType = file.storyboard; name = Base; path = Base.lproj/LaunchScreen.storyboard; sourceTree = "<group>"; };
		B0C3A79620C7BE1F00B27ABF /* Info.plist */ = {isa = PBXFileReference; lastKnownFileType = text.plist.xml; path = Info.plist; sourceTree = "<group>"; };
		B0C3A79B20C7BE2000B27ABF /* CountTests.xctest */ = {isa = PBXFileReference; explicitFileType = wrapper.cfbundle; includeInIndex = 0; path = CountTests.xctest; sourceTree = BUILT_PRODUCTS_DIR; };
		B0C3A79F20C7BE2000B27ABF /* CountTests.swift */ = {isa = PBXFileReference; lastKnownFileType = sourcecode.swift; path = CountTests.swift; sourceTree = "<group>"; };
		B0C3A7A120C7BE2000B27ABF /* Info.plist */ = {isa = PBXFileReference; lastKnownFileType = text.plist.xml; path = Info.plist; sourceTree = "<group>"; };
		B0C3A7A620C7BE2000B27ABF /* CountUITests.xctest */ = {isa = PBXFileReference; explicitFileType = wrapper.cfbundle; includeInIndex = 0; path = CountUITests.xctest; sourceTree = BUILT_PRODUCTS_DIR; };
		B0C3A7AA20C7BE2000B27ABF /* CountUITests.swift */ = {isa = PBXFileReference; lastKnownFileType = sourcecode.swift; path = CountUITests.swift; sourceTree = "<group>"; };
		B0C3A7AC20C7BE2000B27ABF /* Info.plist */ = {isa = PBXFileReference; lastKnownFileType = text.plist.xml; path = Info.plist; sourceTree = "<group>"; };
/* End PBXFileReference section */

/* Begin PBXFrameworksBuildPhase section */
		B0C3A78420C7BE1A00B27ABF /* Frameworks */ = {
			isa = PBXFrameworksBuildPhase;
			buildActionMask = 2147483647;
			files = (
			);
			runOnlyForDeploymentPostprocessing = 0;
		};
		B0C3A79820C7BE2000B27ABF /* Frameworks */ = {
			isa = PBXFrameworksBuildPhase;
			buildActionMask = 2147483647;
			files = (
			);
			runOnlyForDeploymentPostprocessing = 0;
		};
		B0C3A7A320C7BE2000B27ABF /* Frameworks */ = {
			isa = PBXFrameworksBuildPhase;
			buildActionMask = 2147483647;
			files = (
			);
			runOnlyForDeploymentPostprocessing = 0;
		};
/* End PBXFrameworksBuildPhase section */

/* Begin PBXGroup section */
		B0C3A77E20C7BE1A00B27ABF = {
			isa = PBXGroup;
			children = (
				B0C3A78920C7BE1A00B27ABF /* Count */,
				B0C3A79E20C7BE2000B27ABF /* CountTests */,
				B0C3A7A920C7BE2000B27ABF /* CountUITests */,
				B0C3A78820C7BE1A00B27ABF /* Products */,
			);
			sourceTree = "<group>";
		};
		B0C3A78820C7BE1A00B27ABF /* Products */ = {
			isa = PBXGroup;
			children = (
				B0C3A78720C7BE1A00B27ABF /* Count.app */,
				B0C3A79B20C7BE2000B27ABF /* CountTests.xctest */,
				B0C3A7A620C7BE2000B27ABF /* CountUITests.xctest */,
			);
			name = Products;
			sourceTree = "<group>";
		};
		B0C3A78920C7BE1A00B27ABF /* Count */ = {
			isa = PBXGroup;
			children = (
				B0C3A78A20C7BE1A00B27ABF /* AppDelegate.swift */,
				B0C3A78C20C7BE1A00B27ABF /* ViewController.swift */,
				B0C3A78E20C7BE1A00B27ABF /* Main.storyboard */,
				B0C3A79120C7BE1F00B27ABF /* Assets.xcassets */,
				B0C3A79320C7BE1F00B27ABF /* LaunchScreen.storyboard */,
				B0C3A79620C7BE1F00B27ABF /* Info.plist */,
			);
			path = Count;
			sourceTree = "<group>";
		};
		B0C3A79E20C7BE2000B27ABF /* CountTests */ = {
			isa = PBXGroup;
			children = (
				B0C3A79F20C7BE2000B27ABF /* CountTests.swift */,
				B0C3A7A120C7BE2000B27ABF /* Info.plist */,
			);
			path = CountTests;
			sourceTree = "<group>";
		};
		B0C3A7A920C7BE2000B27ABF /* CountUITests */ = {
			isa = PBXGroup;
			children = (
				B0C3A7AA20C7BE2000B27ABF /* CountUITests.swift */,
				B0C3A7AC20C7BE2000B27ABF /* Info.plist */,
			);
			path = CountUITests;
			sourceTree = "<group>";
		};
/* End PBXGroup section */

/* Begin PBXNativeTarget section */
		B0C3A78620C7BE1A00B27ABF /* Count */ = {
			isa = PBXNativeTarget;
			buildConfigurationList = B0C3A7AF20C7BE2000B27ABF /* Build configuration list for PBXNativeTarget "Count" */;
			buildPhases = (
				B0C3A78320C7BE1A00B27ABF /* Sources */,
				B0C3A78420C7BE1A00B27ABF /* Frameworks */,
				B0C3A78520C7BE1A00B27ABF /* Resources */,
			);
			buildRules = (
			);
			dependencies = (
			);
			name = Count;
			productName = Count;
			productReference = B0C3A78720C7BE1A00B27ABF /* Count.app */;
			productType = "com.apple.product-type.application";
		};
		B0C3A79A20C7BE2000B27ABF /* CountTests */ = {
			isa = PBXNativeTarget;
			buildConfigurationList = B0C3A7B220C7BE2000B27ABF /* Build configuration list for PBXNativeTarget "CountTests" */;
			buildPhases = (
				B0C3A79720C7BE2000B27ABF /* Sources */,
				B0C3A79820C7BE2000B27ABF /* Frameworks */,
				B0C3A79920C7BE2000B27ABF /* Resources */,
			);
			buildRules = (
			);
			dependencies = (
				B0C3A79D20C7BE2000B27ABF /* PBXTargetDependency */,
			);
			name = CountTests;
			productName = CountTests;
			productReference = B0C3A79B20C7BE2000B27ABF /* CountTests.xctest */;
			productType = "com.apple.product-type.bundle.unit-test";
		};
		B0C3A7A520C7BE2000B27ABF /* CountUITests */ = {
			isa = PBXNativeTarget;
			buildConfigurationList = B0C3A7B520C7BE2000B27ABF /* Build configuration list for PBXNativeTarget "CountUITests" */;
			buildPhases = (
				B0C3A7A220C7BE2000B27ABF /* Sources */,
				B0C3A7A320C7BE2000B27ABF /* Frameworks */,
				B0C3A7A420C7BE2000B27ABF /* Resources */,
			);
			buildRules = (
			);
			dependencies = (
				B0C3A7A820C7BE2000B27ABF /* PBXTargetDependency */,
			);
			name = CountUITests;
			productName = CountUITests;
			productReference = B0C3A7A620C7BE2000B27ABF /* CountUITests.xctest */;
			productType = "com.apple.product-type.bundle.ui-testing";
		};
/* End PBXNativeTarget section */

/* Begin PBXProject section */
		B0C3A77F20C7BE1A00B27ABF /* Project object */ = {
			isa = PBXProject;
			attributes = {
				LastSwiftUpdateCheck = 0930;
				LastUpgradeCheck = 0930;
				ORGANIZATIONNAME = "阪田直樹";
				TargetAttributes = {
					B0C3A78620C7BE1A00B27ABF = {
						CreatedOnToolsVersion = 9.3;
					};
					B0C3A79A20C7BE2000B27ABF = {
						CreatedOnToolsVersion = 9.3;
						TestTargetID = B0C3A78620C7BE1A00B27ABF;
					};
					B0C3A7A520C7BE2000B27ABF = {
						CreatedOnToolsVersion = 9.3;
						TestTargetID = B0C3A78620C7BE1A00B27ABF;
					};
				};
			};
			buildConfigurationList = B0C3A78220C7BE1A00B27ABF /* Build configuration list for PBXProject "Count" */;
			compatibilityVersion = "Xcode 9.3";
			developmentRegion = en;
			hasScannedForEncodings = 0;
			knownRegions = (
				en,
				Base,
			);
			mainGroup = B0C3A77E20C7BE1A00B27ABF;
			productRefGroup = B0C3A78820C7BE1A00B27ABF /* Products */;
			projectDirPath = "";
			projectRoot = "";
			targets = (
				B0C3A78620C7BE1A00B27ABF /* Count */,
				B0C3A79A20C7BE2000B27ABF /* CountTests */,
				B0C3A7A520C7BE2000B27ABF /* CountUITests */,
			);
		};
/* End PBXProject section */

/* Begin PBXResourcesBuildPhase section */
		B0C3A78520C7BE1A00B27ABF /* Resources */ = {
			isa = PBXResourcesBuildPhase;
			buildActionMask = 2147483647;
			files = (
				B0C3A79520C7BE1F00B27ABF /* LaunchScreen.storyboard in Resources */,
				B0C3A79220C7BE1F00B27ABF /* Assets.xcassets in Resources */,
				B0C3A79020C7BE1A00B27ABF /* Main.storyboard in Resources */,
			);
			runOnlyForDeploymentPostprocessing = 0;
		};
		B0C3A79920C7BE2000B27ABF /* Resources */ = {
			isa = PBXResourcesBuildPhase;
			buildActionMask = 2147483647;
			files = (
			);
			runOnlyForDeploymentPostprocessing = 0;
		};
		B0C3A7A420C7BE2000B27ABF /* Resources */ = {
			isa = PBXResourcesBuildPhase;
			buildActionMask = 2147483647;
			files = (
			);
			runOnlyForDeploymentPostprocessing = 0;
		};
/* End PBXResourcesBuildPhase section */

/* Begin PBXSourcesBuildPhase section */
		B0C3A78320C7BE1A00B27ABF /* Sources */ = {
			isa = PBXSourcesBuildPhase;
			buildActionMask = 2147483647;
			files = (
				B0C3A78D20C7BE1A00B27ABF /* ViewController.swift in Sources */,
				B0C3A78B20C7BE1A00B27ABF /* AppDelegate.swift in Sources */,
			);
			runOnlyForDeploymentPostprocessing = 0;
		};
		B0C3A79720C7BE2000B27ABF /* Sources */ = {
			isa = PBXSourcesBuildPhase;
			buildActionMask = 2147483647;
			files = (
				B0C3A7A020C7BE2000B27ABF /* CountTests.swift in Sources */,
			);
			runOnlyForDeploymentPostprocessing = 0;
		};
		B0C3A7A220C7BE2000B27ABF /* Sources */ = {
			isa = PBXSourcesBuildPhase;
			buildActionMask = 2147483647;
			files = (
				B0C3A7AB20C7BE2000B27ABF /* CountUITests.swift in Sources */,
			);
			runOnlyForDeploymentPostprocessing = 0;
		};
/* End PBXSourcesBuildPhase section */

/* Begin PBXTargetDependency section */
		B0C3A79D20C7BE2000B27ABF /* PBXTargetDependency */ = {
			isa = PBXTargetDependency;
			target = B0C3A78620C7BE1A00B27ABF /* Count */;
			targetProxy = B0C3A79C20C7BE2000B27ABF /* PBXContainerItemProxy */;
		};
		B0C3A7A820C7BE2000B27ABF /* PBXTargetDependency */ = {
			isa = PBXTargetDependency;
			target = B0C3A78620C7BE1A00B27ABF /* Count */;
			targetProxy = B0C3A7A720C7BE2000B27ABF /* PBXContainerItemProxy */;
		};
/* End PBXTargetDependency section */

/* Begin PBXVariantGroup section */
		B0C3A78E20C7BE1A00B27ABF /* Main.storyboard */ = {
			isa = PBXVariantGroup;
			children = (
				B0C3A78F20C7BE1A00B27ABF /* Base */,
			);
			name = Main.storyboard;
			sourceTree = "<group>";
		};
		B0C3A79320C7BE1F00B27ABF /* LaunchScreen.storyboard */ = {
			isa = PBXVariantGroup;
			children = (
				B0C3A79420C7BE1F00B27ABF /* Base */,
			);
			name = LaunchScreen.storyboard;
			sourceTree = "<group>";
		};
/* End PBXVariantGroup section */

/* Begin XCBuildConfiguration section */
		B0C3A7AD20C7BE2000B27ABF /* Debug */ = {
			isa = XCBuildConfiguration;
			buildSettings = {
				ALWAYS_SEARCH_USER_PATHS = NO;
				CLANG_ANALYZER_NONNULL = YES;
				CLANG_ANALYZER_NUMBER_OBJECT_CONVERSION = YES_AGGRESSIVE;
				CLANG_CXX_LANGUAGE_STANDARD = "gnu++14";
				CLANG_CXX_LIBRARY = "libc++";
				CLANG_ENABLE_MODULES = YES;
				CLANG_ENABLE_OBJC_ARC = YES;
				CLANG_ENABLE_OBJC_WEAK = YES;
				CLANG_WARN_BLOCK_CAPTURE_AUTORELEASING = YES;
				CLANG_WARN_BOOL_CONVERSION = YES;
				CLANG_WARN_COMMA = YES;
				CLANG_WARN_CONSTANT_CONVERSION = YES;
				CLANG_WARN_DEPRECATED_OBJC_IMPLEMENTATIONS = YES;
				CLANG_WARN_DIRECT_OBJC_ISA_USAGE = YES_ERROR;
				CLANG_WARN_DOCUMENTATION_COMMENTS = YES;
				CLANG_WARN_EMPTY_BODY = YES;
				CLANG_WARN_ENUM_CONVERSION = YES;
				CLANG_WARN_INFINITE_RECURSION = YES;
				CLANG_WARN_INT_CONVERSION = YES;
				CLANG_WARN_NON_LITERAL_NULL_CONVERSION = YES;
				CLANG_WARN_OBJC_IMPLICIT_RETAIN_SELF = YES;
				CLANG_WARN_OBJC_LITERAL_CONVERSION = YES;
				CLANG_WARN_OBJC_ROOT_CLASS = YES_ERROR;
				CLANG_WARN_RANGE_LOOP_ANALYSIS = YES;
				CLANG_WARN_STRICT_PROTOTYPES = YES;
				CLANG_WARN_SUSPICIOUS_MOVE = YES;
				CLANG_WARN_UNGUARDED_AVAILABILITY = YES_AGGRESSIVE;
				CLANG_WARN_UNREACHABLE_CODE = YES;
				CLANG_WARN__DUPLICATE_METHOD_MATCH = YES;
				CODE_SIGN_IDENTITY = "iPhone Developer";
				COPY_PHASE_STRIP = NO;
				DEBUG_INFORMATION_FORMAT = dwarf;
				ENABLE_STRICT_OBJC_MSGSEND = YES;
				ENABLE_TESTABILITY = YES;
				GCC_C_LANGUAGE_STANDARD = gnu11;
				GCC_DYNAMIC_NO_PIC = NO;
				GCC_NO_COMMON_BLOCKS = YES;
				GCC_OPTIMIZATION_LEVEL = 0;
				GCC_PREPROCESSOR_DEFINITIONS = (
					"DEBUG=1",
					"$(inherited)",
				);
				GCC_WARN_64_TO_32_BIT_CONVERSION = YES;
				GCC_WARN_ABOUT_RETURN_TYPE = YES_ERROR;
				GCC_WARN_UNDECLARED_SELECTOR = YES;
				GCC_WARN_UNINITIALIZED_AUTOS = YES_AGGRESSIVE;
				GCC_WARN_UNUSED_FUNCTION = YES;
				GCC_WARN_UNUSED_VARIABLE = YES;
				IPHONEOS_DEPLOYMENT_TARGET = 11.3;
				MTL_ENABLE_DEBUG_INFO = YES;
				ONLY_ACTIVE_ARCH = YES;
				SDKROOT = iphoneos;
				SWIFT_ACTIVE_COMPILATION_CONDITIONS = DEBUG;
				SWIFT_OPTIMIZATION_LEVEL = "-Onone";
			};
			name = Debug;
		};
		B0C3A7AE20C7BE2000B27ABF /* Release */ = {
			isa = XCBuildConfiguration;
			buildSettings = {
				ALWAYS_SEARCH_USER_PATHS = NO;
				CLANG_ANALYZER_NONNULL = YES;
				CLANG_ANALYZER_NUMBER_OBJECT_CONVERSION = YES_AGGRESSIVE;
				CLANG_CXX_LANGUAGE_STANDARD = "gnu++14";
				CLANG_CXX_LIBRARY = "libc++";
				CLANG_ENABLE_MODULES = YES;
				CLANG_ENABLE_OBJC_ARC = YES;
				CLANG_ENABLE_OBJC_WEAK = YES;
				CLANG_WARN_BLOCK_CAPTURE_AUTORELEASING = YES;
				CLANG_WARN_BOOL_CONVERSION = YES;
				CLANG_WARN_COMMA = YES;
				CLANG_WARN_CONSTANT_CONVERSION = YES;
				CLANG_WARN_DEPRECATED_OBJC_IMPLEMENTATIONS = YES;
				CLANG_WARN_DIRECT_OBJC_ISA_USAGE = YES_ERROR;
				CLANG_WARN_DOCUMENTATION_COMMENTS = YES;
				CLANG_WARN_EMPTY_BODY = YES;
				CLANG_WARN_ENUM_CONVERSION = YES;
				CLANG_WARN_INFINITE_RECURSION = YES;
				CLANG_WARN_INT_CONVERSION = YES;
				CLANG_WARN_NON_LITERAL_NULL_CONVERSION = YES;
				CLANG_WARN_OBJC_IMPLICIT_RETAIN_SELF = YES;
				CLANG_WARN_OBJC_LITERAL_CONVERSION = YES;
				CLANG_WARN_OBJC_ROOT_CLASS = YES_ERROR;
				CLANG_WARN_RANGE_LOOP_ANALYSIS = YES;
				CLANG_WARN_STRICT_PROTOTYPES = YES;
				CLANG_WARN_SUSPICIOUS_MOVE = YES;
				CLANG_WARN_UNGUARDED_AVAILABILITY = YES_AGGRESSIVE;
				CLANG_WARN_UNREACHABLE_CODE = YES;
				CLANG_WARN__DUPLICATE_METHOD_MATCH = YES;
				CODE_SIGN_IDENTITY = "iPhone Developer";
				COPY_PHASE_STRIP = NO;
				DEBUG_INFORMATION_FORMAT = "dwarf-with-dsym";
				ENABLE_NS_ASSERTIONS = NO;
				ENABLE_STRICT_OBJC_MSGSEND = YES;
				GCC_C_LANGUAGE_STANDARD = gnu11;
				GCC_NO_COMMON_BLOCKS = YES;
				GCC_WARN_64_TO_32_BIT_CONVERSION = YES;
				GCC_WARN_ABOUT_RETURN_TYPE = YES_ERROR;
				GCC_WARN_UNDECLARED_SELECTOR = YES;
				GCC_WARN_UNINITIALIZED_AUTOS = YES_AGGRESSIVE;
				GCC_WARN_UNUSED_FUNCTION = YES;
				GCC_WARN_UNUSED_VARIABLE = YES;
				IPHONEOS_DEPLOYMENT_TARGET = 11.3;
				MTL_ENABLE_DEBUG_INFO = NO;
				SDKROOT = iphoneos;
				SWIFT_COMPILATION_MODE = wholemodule;
				SWIFT_OPTIMIZATION_LEVEL = "-O";
				VALIDATE_PRODUCT = YES;
			};
			name = Release;
		};
		B0C3A7B020C7BE2000B27ABF /* Debug */ = {
			isa = XCBuildConfiguration;
			buildSettings = {
				ASSETCATALOG_COMPILER_APPICON_NAME = AppIcon;
				CODE_SIGN_STYLE = Automatic;
				INFOPLIST_FILE = Count/Info.plist;
				LD_RUNPATH_SEARCH_PATHS = (
					"$(inherited)",
					"@executable_path/Frameworks",
				);
				PRODUCT_BUNDLE_IDENTIFIER = prog.Count;
				PRODUCT_NAME = "$(TARGET_NAME)";
				SWIFT_VERSION = 4.0;
				TARGETED_DEVICE_FAMILY = "1,2";
			};
			name = Debug;
		};
		B0C3A7B120C7BE2000B27ABF /* Release */ = {
			isa = XCBuildConfiguration;
			buildSettings = {
				ASSETCATALOG_COMPILER_APPICON_NAME = AppIcon;
				CODE_SIGN_STYLE = Automatic;
				INFOPLIST_FILE = Count/Info.plist;
				LD_RUNPATH_SEARCH_PATHS = (
					"$(inherited)",
					"@executable_path/Frameworks",
				);
				PRODUCT_BUNDLE_IDENTIFIER = prog.Count;
				PRODUCT_NAME = "$(TARGET_NAME)";
				SWIFT_VERSION = 4.0;
				TARGETED_DEVICE_FAMILY = "1,2";
			};
			name = Release;
		};
		B0C3A7B320C7BE2000B27ABF /* Debug */ = {
			isa = XCBuildConfiguration;
			buildSettings = {
				ALWAYS_EMBED_SWIFT_STANDARD_LIBRARIES = YES;
				BUNDLE_LOADER = "$(TEST_HOST)";
				CODE_SIGN_STYLE = Automatic;
				INFOPLIST_FILE = CountTests/Info.plist;
				LD_RUNPATH_SEARCH_PATHS = (
					"$(inherited)",
					"@executable_path/Frameworks",
					"@loader_path/Frameworks",
				);
				PRODUCT_BUNDLE_IDENTIFIER = prog.CountTests;
				PRODUCT_NAME = "$(TARGET_NAME)";
				SWIFT_VERSION = 4.0;
				TARGETED_DEVICE_FAMILY = "1,2";
				TEST_HOST = "$(BUILT_PRODUCTS_DIR)/Count.app/Count";
			};
			name = Debug;
		};
		B0C3A7B420C7BE2000B27ABF /* Release */ = {
			isa = XCBuildConfiguration;
			buildSettings = {
				ALWAYS_EMBED_SWIFT_STANDARD_LIBRARIES = YES;
				BUNDLE_LOADER = "$(TEST_HOST)";
				CODE_SIGN_STYLE = Automatic;
				INFOPLIST_FILE = CountTests/Info.plist;
				LD_RUNPATH_SEARCH_PATHS = (
					"$(inherited)",
					"@executable_path/Frameworks",
					"@loader_path/Frameworks",
				);
				PRODUCT_BUNDLE_IDENTIFIER = prog.CountTests;
				PRODUCT_NAME = "$(TARGET_NAME)";
				SWIFT_VERSION = 4.0;
				TARGETED_DEVICE_FAMILY = "1,2";
				TEST_HOST = "$(BUILT_PRODUCTS_DIR)/Count.app/Count";
			};
			name = Release;
		};
		B0C3A7B620C7BE2000B27ABF /* Debug */ = {
			isa = XCBuildConfiguration;
			buildSettings = {
				ALWAYS_EMBED_SWIFT_STANDARD_LIBRARIES = YES;
				CODE_SIGN_STYLE = Automatic;
				INFOPLIST_FILE = CountUITests/Info.plist;
				LD_RUNPATH_SEARCH_PATHS = (
					"$(inherited)",
					"@executable_path/Frameworks",
					"@loader_path/Frameworks",
				);
				PRODUCT_BUNDLE_IDENTIFIER = prog.CountUITests;
				PRODUCT_NAME = "$(TARGET_NAME)";
				SWIFT_VERSION = 4.0;
				TARGETED_DEVICE_FAMILY = "1,2";
				TEST_TARGET_NAME = Count;
			};
			name = Debug;
		};
		B0C3A7B720C7BE2000B27ABF /* Release */ = {
			isa = XCBuildConfiguration;
			buildSettings = {
				ALWAYS_EMBED_SWIFT_STANDARD_LIBRARIES = YES;
				CODE_SIGN_STYLE = Automatic;
				INFOPLIST_FILE = CountUITests/Info.plist;
				LD_RUNPATH_SEARCH_PATHS = (
					"$(inherited)",
					"@executable_path/Frameworks",
					"@loader_path/Frameworks",
				);
				PRODUCT_BUNDLE_IDENTIFIER = prog.CountUITests;
				PRODUCT_NAME = "$(TARGET_NAME)";
				SWIFT_VERSION = 4.0;
				TARGETED_DEVICE_FAMILY = "1,2";
				TEST_TARGET_NAME = Count;
			};
			name = Release;
		};
/* End XCBuildConfiguration section */

/* Begin XCConfigurationList section */
		B0C3A78220C7BE1A00B27ABF /* Build configuration list for PBXProject "Count" */ = {
			isa = XCConfigurationList;
			buildConfigurations = (
				B0C3A7AD20C7BE2000B27ABF /* Debug */,
				B0C3A7AE20C7BE2000B27ABF /* Release */,
			);
			defaultConfigurationIsVisible = 0;
			defaultConfigurationName = Release;
		};
		B0C3A7AF20C7BE2000B27ABF /* Build configuration list for PBXNativeTarget "Count" */ = {
			isa = XCConfigurationList;
			buildConfigurations = (
				B0C3A7B020C7BE2000B27ABF /* Debug */,
				B0C3A7B120C7BE2000B27ABF /* Release */,
			);
			defaultConfigurationIsVisible = 0;
			defaultConfigurationName = Release;
		};
		B0C3A7B220C7BE2000B27ABF /* Build configuration list for PBXNativeTarget "CountTests" */ = {
			isa = XCConfigurationList;
			buildConfigurations = (
				B0C3A7B320C7BE2000B27ABF /* Debug */,
				B0C3A7B420C7BE2000B27ABF /* Release */,
			);
			defaultConfigurationIsVisible = 0;
			defaultConfigurationName = Release;
		};
		B0C3A7B520C7BE2000B27ABF /* Build configuration list for PBXNativeTarget "CountUITests" */ = {
			isa = XCConfigurationList;
			buildConfigurations = (
				B0C3A7B620C7BE2000B27ABF /* Debug */,
				B0C3A7B720C7BE2000B27ABF /* Release */,
			);
			defaultConfigurationIsVisible = 0;
			defaultConfigurationName = Release;
		};
/* End XCConfigurationList section */
	};
	rootObject = B0C3A77F20C7BE1A00B27ABF /* Project object */;
}
